
Microsoft Visual Studio Solution File, Format Version 12.00
# Visual Studio 14
VisualStudioVersion = 14.0.25420.1
MinimumVisualStudioVersion = 10.0.40219.1
Project("{FAE04EC0-301F-11D3-BF4B-00C04F79EFBC}") = "admin2", "admin2\admin2.csproj", "{CBD5BB2E-F2A0-49FC-8837-57BDD4FBE444}"
EndProject
Global
	GlobalSection(SolutionConfigurationPlatforms) = preSolution
		Debug|Any CPU = Debug|Any CPU
		Release|Any CPU = Release|Any CPU
	EndGlobalSection
	GlobalSection(ProjectConfigurationPlatforms) = postSolution
		{CBD5BB2E-F2A0-49FC-8837-57BDD4FBE444}.Debug|Any CPU.ActiveCfg = Debug|Any CPU
		{CBD5BB2E-F2A0-49FC-8837-57BDD4FBE444}.Debug|Any CPU.Build.0 = Debug|Any CPU
		{CBD5BB2E-F2A0-49FC-8837-57BDD4FBE444}.Release|Any CPU.ActiveCfg = Release|Any CPU
		{CBD5BB2E-F2A0-49FC-8837-57BDD4FBE444}.Release|Any CPU.Build.0 = Release|Any CPU
	EndGlobalSection
	GlobalSection(SolutionProperties) = preSolution
		HideSolutionNode = FALSE
	EndGlobalSection
EndGlobal
